# This file is generated by running "yarn install" inside your project.
# Manual changes might be lost - proceed with caution!

__metadata:
  version: 6
  cacheKey: 8

"@cobbweb/rescript-recharts@workspace:.":
  version: 0.0.0-use.local
  resolution: "@cobbweb/rescript-recharts@workspace:."
  dependencies:
    rescript: ^9.1.4
  peerDependencies:
    "@rescript/react": ^0.10.3
    recharts: 2.1.12
  languageName: unknown
  linkType: soft

"rescript@npm:^9.1.4":
  version: 9.1.4
  resolution: "rescript@npm:9.1.4"
  bin:
    bsc: bsc
    bsrefmt: bsrefmt
    bstracing: lib/bstracing
    rescript: rescript
  checksum: 3c503580f968b4d4409830093c57f85b5590f7372250345427b3a7c1f5ccb08009e1edd89b4a3dcbb3ee95ee4dcad9c337ece4d1f8fdaa10e22ed04b8a7495c0
  languageName: node
  linkType: hard
